
Microsoft Visual Studio Solution File, Format Version 12.00
# Visual Studio Version 17
VisualStudioVersion = 17.2.32602.215
MinimumVisualStudioVersion = 10.0.40219.1
Project("{FAE04EC0-301F-11D3-BF4B-00C04F79EFBC}") = "JsonTransformer", "JsonTransformer.csproj", "{362DCE6F-7C8E-452E-B98A-058F79B1CADB}"
EndProject
Global
	GlobalSection(SolutionConfigurationPlatforms) = preSolution
		Debug|Any CPU = Debug|Any CPU
		Release|Any CPU = Release|Any CPU
	EndGlobalSection
	GlobalSection(ProjectConfigurationPlatforms) = postSolution
		{362DCE6F-7C8E-452E-B98A-058F79B1CADB}.Debug|Any CPU.ActiveCfg = Debug|Any CPU
		{362DCE6F-7C8E-452E-B98A-058F79B1CADB}.Debug|Any CPU.Build.0 = Debug|Any CPU
		{362DCE6F-7C8E-452E-B98A-058F79B1CADB}.Release|Any CPU.ActiveCfg = Release|Any CPU
		{362DCE6F-7C8E-452E-B98A-058F79B1CADB}.Release|Any CPU.Build.0 = Release|Any CPU
	EndGlobalSection
	GlobalSection(SolutionProperties) = preSolution
		HideSolutionNode = FALSE
	EndGlobalSection
	GlobalSection(ExtensibilityGlobals) = postSolution
		SolutionGuid = {2CA8E046-AED7-49F2-982D-B44FBDBA29FF}
	EndGlobalSection
EndGlobal
